
Microsoft Visual Studio Solution File, Format Version 12.00
# Visual Studio Version 17
VisualStudioVersion = 17.8.34309.116
MinimumVisualStudioVersion = 10.0.40219.1
Project("{FAE04EC0-301F-11D3-BF4B-00C04F79EFBC}") = "WebProject", "WebProject.csproj", "{F62E1242-87E7-446D-9CC4-D3DD1144C847}"
EndProject
Global
	GlobalSection(SolutionConfigurationPlatforms) = preSolution
		Debug|Any CPU = Debug|Any CPU
		Release|Any CPU = Release|Any CPU
	EndGlobalSection
	GlobalSection(ProjectConfigurationPlatforms) = postSolution
		{F62E1242-87E7-446D-9CC4-D3DD1144C847}.Debug|Any CPU.ActiveCfg = Debug|Any CPU
		{F62E1242-87E7-446D-9CC4-D3DD1144C847}.Debug|Any CPU.Build.0 = Debug|Any CPU
		{F62E1242-87E7-446D-9CC4-D3DD1144C847}.Release|Any CPU.ActiveCfg = Release|Any CPU
		{F62E1242-87E7-446D-9CC4-D3DD1144C847}.Release|Any CPU.Build.0 = Release|Any CPU
	EndGlobalSection
	GlobalSection(SolutionProperties) = preSolution
		HideSolutionNode = FALSE
	EndGlobalSection
	GlobalSection(ExtensibilityGlobals) = postSolution
		SolutionGuid = {25EAC964-54F0-473F-BD18-A11071D369B5}
	EndGlobalSection
EndGlobal
