
Microsoft Visual Studio Solution File, Format Version 12.00
# Visual Studio Version 17
VisualStudioVersion = 17.8.34316.72
MinimumVisualStudioVersion = 10.0.40219.1
Project("{FAE04EC0-301F-11D3-BF4B-00C04F79EFBC}") = "EnglishProject", "EnglishProject\EnglishProject.csproj", "{70EEC5CF-5449-46C9-AE14-F89859692979}"
EndProject
Global
	GlobalSection(SolutionConfigurationPlatforms) = preSolution
		Debug|Any CPU = Debug|Any CPU
		Release|Any CPU = Release|Any CPU
	EndGlobalSection
	GlobalSection(ProjectConfigurationPlatforms) = postSolution
		{70EEC5CF-5449-46C9-AE14-F89859692979}.Debug|Any CPU.ActiveCfg = Debug|Any CPU
		{70EEC5CF-5449-46C9-AE14-F89859692979}.Debug|Any CPU.Build.0 = Debug|Any CPU
		{70EEC5CF-5449-46C9-AE14-F89859692979}.Release|Any CPU.ActiveCfg = Release|Any CPU
		{70EEC5CF-5449-46C9-AE14-F89859692979}.Release|Any CPU.Build.0 = Release|Any CPU
	EndGlobalSection
	GlobalSection(SolutionProperties) = preSolution
		HideSolutionNode = FALSE
	EndGlobalSection
	GlobalSection(ExtensibilityGlobals) = postSolution
		SolutionGuid = {30B7E4FE-3DAF-460B-9893-7210F6C1C4F3}
	EndGlobalSection
EndGlobal
